{
  "requires": true,
  "lockfileVersion": 1,
  "dependencies": {
    "@graphql-tools/merge": {
      "version": "8.2.1",
      "resolved": "https://registry.npmjs.org/@graphql-tools/merge/-/merge-8.2.1.tgz",
      "integrity": "sha512-Q240kcUszhXiAYudjuJgNuLgy9CryDP3wp83NOZQezfA6h3ByYKU7xI6DiKrdjyVaGpYN3ppUmdj0uf5GaXzMA==",
      "requires": {
        "@graphql-tools/utils": "^8.5.1",
        "tslib": "~2.3.0"
      }
    },
    "@graphql-tools/schema": {
      "version": "8.3.1",
      "resolved": "https://registry.npmjs.org/@graphql-tools/schema/-/schema-8.3.1.tgz",
      "integrity": "sha512-3R0AJFe715p4GwF067G5i0KCr/XIdvSfDLvTLEiTDQ8V/hwbOHEKHKWlEBHGRQwkG5lwFQlW1aOn7VnlPERnWQ==",
      "requires": {
        "@graphql-tools/merge": "^8.2.1",
        "@graphql-tools/utils": "^8.5.1",
        "tslib": "~2.3.0",
        "value-or-promise": "1.0.11"
      }
    },
    "@graphql-tools/utils": {
      "version": "8.5.1",
      "resolved": "https://registry.npmjs.org/@graphql-tools/utils/-/utils-8.5.1.tgz",
      "integrity": "sha512-V/OQVpj+Z05qW9ZdlJWSKzREYlgGEq+juV+pUy3JO9jI+sZo/W3oncuW9+1awwp/RkL0aZ9RgjL+XYOgCsmOLw==",
      "requires": {
        "tslib": "~2.3.0"
      }
    },
    "tslib": {
      "version": "2.3.1",
      "resolved": "https://registry.npmjs.org/tslib/-/tslib-2.3.1.tgz",
      "integrity": "sha512-77EbyPPpMz+FRFRuAFlWMtmgUWGe9UOG2Z25NqCwiIjRhOf5iKGuzSe5P2w1laq+FkRy4p+PCuVkJSGkzTEKVw=="
    },
    "value-or-promise": {
      "version": "1.0.11",
      "resolved": "https://registry.npmjs.org/value-or-promise/-/value-or-promise-1.0.11.tgz",
      "integrity": "sha512-41BrgH+dIbCFXClcSapVs5M6GkENd3gQOJpEfPDNa71LsUGMXDL0jMWpI/Rh7WhX+Aalfz2TTS3Zt5pUsbnhLg=="
    }
  }
}
